
Microsoft Visual Studio Solution File, Format Version 12.00
# Visual Studio Version 16
VisualStudioVersion = 16.0.30406.217
MinimumVisualStudioVersion = 10.0.40219.1
Project("{2150E333-8FDC-42A3-9474-1A3956D46DE8}") = "Front-end", "Front-end", "{261F5D12-0FF9-4DD7-95C1-F4888C9AFC4C}"
EndProject
Project("{2150E333-8FDC-42A3-9474-1A3956D46DE8}") = "Back-end", "Back-end", "{C0DD39DF-3417-4648-9FF0-E787D54E30AA}"
EndProject
Project("{9A19103F-16F7-4668-BE54-9A1E7A4F7556}") = "OSnack.API", "OSnack.API\OSnack.API.csproj", "{E520236E-4933-4555-85D4-00868EE1C8FE}"
EndProject
Project("{9A19103F-16F7-4668-BE54-9A1E7A4F7556}") = "P8B.Core.CSharp", "..\P8B.Libs\P8B.Core.CSharp\P8B.Core.CSharp.csproj", "{3D3FC311-DFD8-4E79-B56C-0249B2558B7A}"
EndProject
Project("{9092AA53-FB77-4645-B42D-1CCCA6BD08BD}") = "OSnack.Admin", "OSnack.Admin\OSnack.Admin.njsproj", "{3B5634DD-B157-4790-AC6B-555FADF9F273}"
EndProject
Project("{9092AA53-FB77-4645-B42D-1CCCA6BD08BD}") = "OSnack.Client", "OSnack.Client\OSnack.Client.njsproj", "{A164EDD4-93C6-4015-88B9-6BC4280B58E3}"
EndProject
Project("{9092AA53-FB77-4645-B42D-1CCCA6BD08BD}") = "OSnack.Frontend.Shared", "OSnack.Frontend.Shared\OSnack.Frontend.Shared.njsproj", "{8CDBB948-9F27-436A-98EF-EA4E5711FD30}"
EndProject
Project("{2150E333-8FDC-42A3-9474-1A3956D46DE8}") = "Solution Items", "Solution Items", "{B931781B-70D3-4E07-89DD-2B8463006601}"
	ProjectSection(SolutionItems) = preProject
		.editorconfig = .editorconfig
	EndProjectSection
EndProject
Global
	GlobalSection(SolutionConfigurationPlatforms) = preSolution
		Debug|Any CPU = Debug|Any CPU
		Release|Any CPU = Release|Any CPU
	EndGlobalSection
	GlobalSection(ProjectConfigurationPlatforms) = postSolution
		{E520236E-4933-4555-85D4-00868EE1C8FE}.Debug|Any CPU.ActiveCfg = Debug|Any CPU
		{E520236E-4933-4555-85D4-00868EE1C8FE}.Debug|Any CPU.Build.0 = Debug|Any CPU
		{E520236E-4933-4555-85D4-00868EE1C8FE}.Release|Any CPU.ActiveCfg = Release|Any CPU
		{E520236E-4933-4555-85D4-00868EE1C8FE}.Release|Any CPU.Build.0 = Release|Any CPU
		{3D3FC311-DFD8-4E79-B56C-0249B2558B7A}.Debug|Any CPU.ActiveCfg = Debug|Any CPU
		{3D3FC311-DFD8-4E79-B56C-0249B2558B7A}.Debug|Any CPU.Build.0 = Debug|Any CPU
		{3D3FC311-DFD8-4E79-B56C-0249B2558B7A}.Release|Any CPU.ActiveCfg = Release|Any CPU
		{3D3FC311-DFD8-4E79-B56C-0249B2558B7A}.Release|Any CPU.Build.0 = Release|Any CPU
		{3B5634DD-B157-4790-AC6B-555FADF9F273}.Debug|Any CPU.ActiveCfg = Debug|Any CPU
		{3B5634DD-B157-4790-AC6B-555FADF9F273}.Debug|Any CPU.Build.0 = Debug|Any CPU
		{3B5634DD-B157-4790-AC6B-555FADF9F273}.Release|Any CPU.ActiveCfg = Release|Any CPU
		{3B5634DD-B157-4790-AC6B-555FADF9F273}.Release|Any CPU.Build.0 = Release|Any CPU
		{A164EDD4-93C6-4015-88B9-6BC4280B58E3}.Debug|Any CPU.ActiveCfg = Debug|Any CPU
		{A164EDD4-93C6-4015-88B9-6BC4280B58E3}.Debug|Any CPU.Build.0 = Debug|Any CPU
		{A164EDD4-93C6-4015-88B9-6BC4280B58E3}.Release|Any CPU.ActiveCfg = Release|Any CPU
		{A164EDD4-93C6-4015-88B9-6BC4280B58E3}.Release|Any CPU.Build.0 = Release|Any CPU
		{8CDBB948-9F27-436A-98EF-EA4E5711FD30}.Debug|Any CPU.ActiveCfg = Debug|Any CPU
		{8CDBB948-9F27-436A-98EF-EA4E5711FD30}.Debug|Any CPU.Build.0 = Debug|Any CPU
		{8CDBB948-9F27-436A-98EF-EA4E5711FD30}.Release|Any CPU.ActiveCfg = Release|Any CPU
		{8CDBB948-9F27-436A-98EF-EA4E5711FD30}.Release|Any CPU.Build.0 = Release|Any CPU
	EndGlobalSection
	GlobalSection(SolutionProperties) = preSolution
		HideSolutionNode = FALSE
	EndGlobalSection
	GlobalSection(NestedProjects) = preSolution
		{E520236E-4933-4555-85D4-00868EE1C8FE} = {C0DD39DF-3417-4648-9FF0-E787D54E30AA}
		{3D3FC311-DFD8-4E79-B56C-0249B2558B7A} = {C0DD39DF-3417-4648-9FF0-E787D54E30AA}
		{3B5634DD-B157-4790-AC6B-555FADF9F273} = {261F5D12-0FF9-4DD7-95C1-F4888C9AFC4C}
		{A164EDD4-93C6-4015-88B9-6BC4280B58E3} = {261F5D12-0FF9-4DD7-95C1-F4888C9AFC4C}
		{8CDBB948-9F27-436A-98EF-EA4E5711FD30} = {261F5D12-0FF9-4DD7-95C1-F4888C9AFC4C}
	EndGlobalSection
	GlobalSection(ExtensibilityGlobals) = postSolution
		SolutionGuid = {6972D035-8573-4D69-9766-E0DF49E67CE2}
	EndGlobalSection
EndGlobal
