
Microsoft Visual Studio Solution File, Format Version 12.00
# Visual Studio Version 16
VisualStudioVersion = 16.0.30406.217
MinimumVisualStudioVersion = 10.0.40219.1
Project("{9092AA53-FB77-4645-B42D-1CCCA6BD08BD}") = "OSnack.Client", "OSnack.Client\OSnack.Client.njsproj", "{A164EDD4-93C6-4015-88B9-6BC4280B58E3}"
EndProject
Project("{9092AA53-FB77-4645-B42D-1CCCA6BD08BD}") = "OSnack.Admin", "OSnack.Admin\OSnack.Admin.njsproj", "{3B5634DD-B157-4790-AC6B-555FADF9F273}"
EndProject
Project("{9A19103F-16F7-4668-BE54-9A1E7A4F7556}") = "P8B.Core.CSharp", "..\P8B.Libs\P8B.Core.CSharp\P8B.Core.CSharp.csproj", "{BF1E4B46-66C6-405C-9334-30AAB4F2B6C2}"
EndProject
Project("{2150E333-8FDC-42A3-9474-1A3956D46DE8}") = "Back-end", "Back-end", "{B397921D-BA1E-4F44-AC79-5E550103284D}"
EndProject
Project("{2150E333-8FDC-42A3-9474-1A3956D46DE8}") = "Front-end", "Front-end", "{45B0C4A6-4392-4E45-8781-D761B3AF10CF}"
EndProject
Project("{9A19103F-16F7-4668-BE54-9A1E7A4F7556}") = "OSnack.API", "OSnack.API\OSnack.API.csproj", "{82E05316-584D-43D9-876F-8B8A3F401D1E}"
EndProject
Project("{9092AA53-FB77-4645-B42D-1CCCA6BD08BD}") = "OSnack.Frontend.Shared", "OSnack.Frontend.Shared\OSnack.Frontend.Shared.njsproj", "{8CDBB948-9F27-436A-98EF-EA4E5711FD30}"
EndProject
Project("{2150E333-8FDC-42A3-9474-1A3956D46DE8}") = "Solution Items", "Solution Items", "{DE14CD9B-E62D-4A24-8687-1E6AB28B21B6}"
	ProjectSection(SolutionItems) = preProject
		.editorconfig = .editorconfig
	EndProjectSection
EndProject
Global
	GlobalSection(SolutionConfigurationPlatforms) = preSolution
		Debug|Any CPU = Debug|Any CPU
		Release|Any CPU = Release|Any CPU
	EndGlobalSection
	GlobalSection(ProjectConfigurationPlatforms) = postSolution
		{A164EDD4-93C6-4015-88B9-6BC4280B58E3}.Debug|Any CPU.ActiveCfg = Debug|Any CPU
		{A164EDD4-93C6-4015-88B9-6BC4280B58E3}.Debug|Any CPU.Build.0 = Debug|Any CPU
		{A164EDD4-93C6-4015-88B9-6BC4280B58E3}.Release|Any CPU.ActiveCfg = Release|Any CPU
		{A164EDD4-93C6-4015-88B9-6BC4280B58E3}.Release|Any CPU.Build.0 = Release|Any CPU
		{3B5634DD-B157-4790-AC6B-555FADF9F273}.Debug|Any CPU.ActiveCfg = Debug|Any CPU
		{3B5634DD-B157-4790-AC6B-555FADF9F273}.Debug|Any CPU.Build.0 = Debug|Any CPU
		{3B5634DD-B157-4790-AC6B-555FADF9F273}.Release|Any CPU.ActiveCfg = Release|Any CPU
		{3B5634DD-B157-4790-AC6B-555FADF9F273}.Release|Any CPU.Build.0 = Release|Any CPU
		{BF1E4B46-66C6-405C-9334-30AAB4F2B6C2}.Debug|Any CPU.ActiveCfg = Debug|Any CPU
		{BF1E4B46-66C6-405C-9334-30AAB4F2B6C2}.Debug|Any CPU.Build.0 = Debug|Any CPU
		{BF1E4B46-66C6-405C-9334-30AAB4F2B6C2}.Release|Any CPU.ActiveCfg = Release|Any CPU
		{BF1E4B46-66C6-405C-9334-30AAB4F2B6C2}.Release|Any CPU.Build.0 = Release|Any CPU
		{82E05316-584D-43D9-876F-8B8A3F401D1E}.Debug|Any CPU.ActiveCfg = Debug|Any CPU
		{82E05316-584D-43D9-876F-8B8A3F401D1E}.Debug|Any CPU.Build.0 = Debug|Any CPU
		{82E05316-584D-43D9-876F-8B8A3F401D1E}.Release|Any CPU.ActiveCfg = Release|Any CPU
		{82E05316-584D-43D9-876F-8B8A3F401D1E}.Release|Any CPU.Build.0 = Release|Any CPU
		{8CDBB948-9F27-436A-98EF-EA4E5711FD30}.Debug|Any CPU.ActiveCfg = Debug|Any CPU
		{8CDBB948-9F27-436A-98EF-EA4E5711FD30}.Debug|Any CPU.Build.0 = Debug|Any CPU
		{8CDBB948-9F27-436A-98EF-EA4E5711FD30}.Release|Any CPU.ActiveCfg = Release|Any CPU
		{8CDBB948-9F27-436A-98EF-EA4E5711FD30}.Release|Any CPU.Build.0 = Release|Any CPU
	EndGlobalSection
	GlobalSection(SolutionProperties) = preSolution
		HideSolutionNode = FALSE
	EndGlobalSection
	GlobalSection(NestedProjects) = preSolution
		{A164EDD4-93C6-4015-88B9-6BC4280B58E3} = {45B0C4A6-4392-4E45-8781-D761B3AF10CF}
		{3B5634DD-B157-4790-AC6B-555FADF9F273} = {45B0C4A6-4392-4E45-8781-D761B3AF10CF}
		{BF1E4B46-66C6-405C-9334-30AAB4F2B6C2} = {B397921D-BA1E-4F44-AC79-5E550103284D}
		{82E05316-584D-43D9-876F-8B8A3F401D1E} = {B397921D-BA1E-4F44-AC79-5E550103284D}
		{8CDBB948-9F27-436A-98EF-EA4E5711FD30} = {45B0C4A6-4392-4E45-8781-D761B3AF10CF}
	EndGlobalSection
	GlobalSection(ExtensibilityGlobals) = postSolution
		SolutionGuid = {6972D035-8573-4D69-9766-E0DF49E67CE2}
	EndGlobalSection
EndGlobal
